
Microsoft Visual Studio Solution File, Format Version 12.00
# Visual Studio 14
VisualStudioVersion = 14.0.24720.0
MinimumVisualStudioVersion = 10.0.40219.1
Project("{2150E333-8FDC-42A3-9474-1A3956D46DE8}") = "Tests", "Tests", "{5635144B-079C-4AF4-A0AE-C1BD34D93233}"
EndProject
Project("{2150E333-8FDC-42A3-9474-1A3956D46DE8}") = "Basics", "Basics", "{5B3F3B33-BA6C-4283-83BC-0B61DCC0DEF8}"
EndProject
Project("{2150E333-8FDC-42A3-9474-1A3956D46DE8}") = "Services", "Services", "{3F417027-0774-4FA2-9DE8-FEE5079ADBDF}"
EndProject
Project("{2150E333-8FDC-42A3-9474-1A3956D46DE8}") = "Modules", "Modules", "{33882DD2-0470-4B14-A5C3-1CE2D376F35F}"
EndProject
Project("{FAE04EC0-301F-11D3-BF4B-00C04F79EFBC}") = "FindMeACab.Basics.Kernel", "FindMeACab.Basics.Kernel\FindMeACab.Basics.Kernel.csproj", "{8DA47E79-C3BD-4719-9047-1C88BDAA4D03}"
EndProject
Project("{FAE04EC0-301F-11D3-BF4B-00C04F79EFBC}") = "FindMeACab.Basics.Model", "FindMeACab.Basics.Model\FindMeACab.Basics.Model.csproj", "{C9FB6263-3507-49C5-BEFC-AB0CC3102280}"
EndProject
Project("{FAE04EC0-301F-11D3-BF4B-00C04F79EFBC}") = "FindMeACab.Modules.BingMapsSharedModule", "FindMeACab.Modules.BingMapsSharedModule\FindMeACab.Modules.BingMapsSharedModule.csproj", "{02E9C1FD-39CC-4966-9EF1-3A2329007DBC}"
EndProject
Project("{FAE04EC0-301F-11D3-BF4B-00C04F79EFBC}") = "FindMeACab.Modules.SearchSharedModule", "FindMeACab.Modules.SearchSharedModule\FindMeACab.Modules.SearchSharedModule.csproj", "{E77E022B-8148-4191-82E5-43F4043E161E}"
EndProject
Project("{FAE04EC0-301F-11D3-BF4B-00C04F79EFBC}") = "FindMeACab.Tests.BingMapsTests", "FindMeACab.Tests.BingMapsTests\FindMeACab.Tests.BingMapsTests.csproj", "{95E4F77B-A483-41A4-91BA-6D7F3F99A381}"
EndProject
Project("{FAE04EC0-301F-11D3-BF4B-00C04F79EFBC}") = "FindMeACab.Tests.SearchTests", "FindMeACab.Tests.SearchTests\FindMeACab.Tests.SearchTests.csproj", "{F201D92F-8AFA-406E-BC1B-E741D04B0C13}"
EndProject
Project("{FAE04EC0-301F-11D3-BF4B-00C04F79EFBC}") = "FindMeACab.Tests.SensorClient", "FindMeACab.Tests.SensorClient\FindMeACab.Tests.SensorClient.csproj", "{9ACD92B6-6866-4DB6-A1AC-9C296104DD03}"
EndProject
Project("{FAE04EC0-301F-11D3-BF4B-00C04F79EFBC}") = "FindMeACab.Tests.Shared", "FindMeACab.Tests.Shared\FindMeACab.Tests.Shared.csproj", "{A7EAF32E-F97C-40BF-9011-3343C4C3A546}"
EndProject
Project("{2150E333-8FDC-42A3-9474-1A3956D46DE8}") = "Setup", "Setup", "{7198E62C-9F3E-4F07-B99E-CC9FFAF63030}"
	ProjectSection(SolutionItems) = preProject
		ReadMe.txt = ReadMe.txt
	EndProjectSection
EndProject
Project("{FAE04EC0-301F-11D3-BF4B-00C04F79EFBC}") = "CabSearchUniversalApp", "CabSearchUniversalApp\CabSearchUniversalApp.csproj", "{0B2F3116-14AC-40CC-ADF9-A4356A851996}"
EndProject
Project("{FAE04EC0-301F-11D3-BF4B-00C04F79EFBC}") = "CabSearchBackgroundService", "CabSearchBackgroundService\CabSearchBackgroundService.csproj", "{8E87BC84-2DB0-4F53-8F7D-B67191F47A29}"
EndProject
Project("{FAE04EC0-301F-11D3-BF4B-00C04F79EFBC}") = "Kernel", "Kernel\Kernel.csproj", "{921B7038-F722-49C3-9360-D75B87B75A6E}"
EndProject
Project("{FAE04EC0-301F-11D3-BF4B-00C04F79EFBC}") = "Model", "Model\Model.csproj", "{C7519A25-986B-4C69-B99D-5CC44F29277F}"
EndProject
Project("{FAE04EC0-301F-11D3-BF4B-00C04F79EFBC}") = "BingMapsSharedModule", "BingMapsSharedModule\BingMapsSharedModule.csproj", "{6E09936A-B78A-4A29-AA1D-3151019A3E29}"
EndProject
Project("{FAE04EC0-301F-11D3-BF4B-00C04F79EFBC}") = "SearchSharedModule", "SearchSharedModule\SearchSharedModule.csproj", "{0C23FB90-24D1-4416-826E-92D7D0497AB1}"
EndProject
Global
	GlobalSection(SolutionConfigurationPlatforms) = preSolution
		Debug|Any CPU = Debug|Any CPU
		Debug|ARM = Debug|ARM
		Debug|x64 = Debug|x64
		Debug|x86 = Debug|x86
		Release|Any CPU = Release|Any CPU
		Release|ARM = Release|ARM
		Release|x64 = Release|x64
		Release|x86 = Release|x86
	EndGlobalSection
	GlobalSection(ProjectConfigurationPlatforms) = postSolution
		{8DA47E79-C3BD-4719-9047-1C88BDAA4D03}.Debug|Any CPU.ActiveCfg = Debug|Any CPU
		{8DA47E79-C3BD-4719-9047-1C88BDAA4D03}.Debug|Any CPU.Build.0 = Debug|Any CPU
		{8DA47E79-C3BD-4719-9047-1C88BDAA4D03}.Debug|ARM.ActiveCfg = Debug|Any CPU
		{8DA47E79-C3BD-4719-9047-1C88BDAA4D03}.Debug|ARM.Build.0 = Debug|Any CPU
		{8DA47E79-C3BD-4719-9047-1C88BDAA4D03}.Debug|x64.ActiveCfg = Debug|Any CPU
		{8DA47E79-C3BD-4719-9047-1C88BDAA4D03}.Debug|x64.Build.0 = Debug|Any CPU
		{8DA47E79-C3BD-4719-9047-1C88BDAA4D03}.Debug|x86.ActiveCfg = Debug|Any CPU
		{8DA47E79-C3BD-4719-9047-1C88BDAA4D03}.Debug|x86.Build.0 = Debug|Any CPU
		{8DA47E79-C3BD-4719-9047-1C88BDAA4D03}.Release|Any CPU.ActiveCfg = Release|Any CPU
		{8DA47E79-C3BD-4719-9047-1C88BDAA4D03}.Release|Any CPU.Build.0 = Release|Any CPU
		{8DA47E79-C3BD-4719-9047-1C88BDAA4D03}.Release|ARM.ActiveCfg = Release|Any CPU
		{8DA47E79-C3BD-4719-9047-1C88BDAA4D03}.Release|ARM.Build.0 = Release|Any CPU
		{8DA47E79-C3BD-4719-9047-1C88BDAA4D03}.Release|x64.ActiveCfg = Release|Any CPU
		{8DA47E79-C3BD-4719-9047-1C88BDAA4D03}.Release|x64.Build.0 = Release|Any CPU
		{8DA47E79-C3BD-4719-9047-1C88BDAA4D03}.Release|x86.ActiveCfg = Release|Any CPU
		{8DA47E79-C3BD-4719-9047-1C88BDAA4D03}.Release|x86.Build.0 = Release|Any CPU
		{C9FB6263-3507-49C5-BEFC-AB0CC3102280}.Debug|Any CPU.ActiveCfg = Debug|Any CPU
		{C9FB6263-3507-49C5-BEFC-AB0CC3102280}.Debug|Any CPU.Build.0 = Debug|Any CPU
		{C9FB6263-3507-49C5-BEFC-AB0CC3102280}.Debug|ARM.ActiveCfg = Debug|Any CPU
		{C9FB6263-3507-49C5-BEFC-AB0CC3102280}.Debug|ARM.Build.0 = Debug|Any CPU
		{C9FB6263-3507-49C5-BEFC-AB0CC3102280}.Debug|x64.ActiveCfg = Debug|Any CPU
		{C9FB6263-3507-49C5-BEFC-AB0CC3102280}.Debug|x64.Build.0 = Debug|Any CPU
		{C9FB6263-3507-49C5-BEFC-AB0CC3102280}.Debug|x86.ActiveCfg = Debug|Any CPU
		{C9FB6263-3507-49C5-BEFC-AB0CC3102280}.Debug|x86.Build.0 = Debug|Any CPU
		{C9FB6263-3507-49C5-BEFC-AB0CC3102280}.Release|Any CPU.ActiveCfg = Release|Any CPU
		{C9FB6263-3507-49C5-BEFC-AB0CC3102280}.Release|Any CPU.Build.0 = Release|Any CPU
		{C9FB6263-3507-49C5-BEFC-AB0CC3102280}.Release|ARM.ActiveCfg = Release|Any CPU
		{C9FB6263-3507-49C5-BEFC-AB0CC3102280}.Release|ARM.Build.0 = Release|Any CPU
		{C9FB6263-3507-49C5-BEFC-AB0CC3102280}.Release|x64.ActiveCfg = Release|Any CPU
		{C9FB6263-3507-49C5-BEFC-AB0CC3102280}.Release|x64.Build.0 = Release|Any CPU
		{C9FB6263-3507-49C5-BEFC-AB0CC3102280}.Release|x86.ActiveCfg = Release|Any CPU
		{C9FB6263-3507-49C5-BEFC-AB0CC3102280}.Release|x86.Build.0 = Release|Any CPU
		{02E9C1FD-39CC-4966-9EF1-3A2329007DBC}.Debug|Any CPU.ActiveCfg = Debug|Any CPU
		{02E9C1FD-39CC-4966-9EF1-3A2329007DBC}.Debug|Any CPU.Build.0 = Debug|Any CPU
		{02E9C1FD-39CC-4966-9EF1-3A2329007DBC}.Debug|ARM.ActiveCfg = Debug|Any CPU
		{02E9C1FD-39CC-4966-9EF1-3A2329007DBC}.Debug|ARM.Build.0 = Debug|Any CPU
		{02E9C1FD-39CC-4966-9EF1-3A2329007DBC}.Debug|x64.ActiveCfg = Debug|Any CPU
		{02E9C1FD-39CC-4966-9EF1-3A2329007DBC}.Debug|x64.Build.0 = Debug|Any CPU
		{02E9C1FD-39CC-4966-9EF1-3A2329007DBC}.Debug|x86.ActiveCfg = Debug|Any CPU
		{02E9C1FD-39CC-4966-9EF1-3A2329007DBC}.Debug|x86.Build.0 = Debug|Any CPU
		{02E9C1FD-39CC-4966-9EF1-3A2329007DBC}.Release|Any CPU.ActiveCfg = Release|Any CPU
		{02E9C1FD-39CC-4966-9EF1-3A2329007DBC}.Release|Any CPU.Build.0 = Release|Any CPU
		{02E9C1FD-39CC-4966-9EF1-3A2329007DBC}.Release|ARM.ActiveCfg = Release|Any CPU
		{02E9C1FD-39CC-4966-9EF1-3A2329007DBC}.Release|ARM.Build.0 = Release|Any CPU
		{02E9C1FD-39CC-4966-9EF1-3A2329007DBC}.Release|x64.ActiveCfg = Release|Any CPU
		{02E9C1FD-39CC-4966-9EF1-3A2329007DBC}.Release|x64.Build.0 = Release|Any CPU
		{02E9C1FD-39CC-4966-9EF1-3A2329007DBC}.Release|x86.ActiveCfg = Release|Any CPU
		{02E9C1FD-39CC-4966-9EF1-3A2329007DBC}.Release|x86.Build.0 = Release|Any CPU
		{E77E022B-8148-4191-82E5-43F4043E161E}.Debug|Any CPU.ActiveCfg = Debug|Any CPU
		{E77E022B-8148-4191-82E5-43F4043E161E}.Debug|Any CPU.Build.0 = Debug|Any CPU
		{E77E022B-8148-4191-82E5-43F4043E161E}.Debug|ARM.ActiveCfg = Debug|Any CPU
		{E77E022B-8148-4191-82E5-43F4043E161E}.Debug|ARM.Build.0 = Debug|Any CPU
		{E77E022B-8148-4191-82E5-43F4043E161E}.Debug|x64.ActiveCfg = Debug|Any CPU
		{E77E022B-8148-4191-82E5-43F4043E161E}.Debug|x64.Build.0 = Debug|Any CPU
		{E77E022B-8148-4191-82E5-43F4043E161E}.Debug|x86.ActiveCfg = Debug|Any CPU
		{E77E022B-8148-4191-82E5-43F4043E161E}.Debug|x86.Build.0 = Debug|Any CPU
		{E77E022B-8148-4191-82E5-43F4043E161E}.Release|Any CPU.ActiveCfg = Release|Any CPU
		{E77E022B-8148-4191-82E5-43F4043E161E}.Release|Any CPU.Build.0 = Release|Any CPU
		{E77E022B-8148-4191-82E5-43F4043E161E}.Release|ARM.ActiveCfg = Release|Any CPU
		{E77E022B-8148-4191-82E5-43F4043E161E}.Release|ARM.Build.0 = Release|Any CPU
		{E77E022B-8148-4191-82E5-43F4043E161E}.Release|x64.ActiveCfg = Release|Any CPU
		{E77E022B-8148-4191-82E5-43F4043E161E}.Release|x64.Build.0 = Release|Any CPU
		{E77E022B-8148-4191-82E5-43F4043E161E}.Release|x86.ActiveCfg = Release|Any CPU
		{E77E022B-8148-4191-82E5-43F4043E161E}.Release|x86.Build.0 = Release|Any CPU
		{95E4F77B-A483-41A4-91BA-6D7F3F99A381}.Debug|Any CPU.ActiveCfg = Debug|Any CPU
		{95E4F77B-A483-41A4-91BA-6D7F3F99A381}.Debug|Any CPU.Build.0 = Debug|Any CPU
		{95E4F77B-A483-41A4-91BA-6D7F3F99A381}.Debug|ARM.ActiveCfg = Debug|Any CPU
		{95E4F77B-A483-41A4-91BA-6D7F3F99A381}.Debug|ARM.Build.0 = Debug|Any CPU
		{95E4F77B-A483-41A4-91BA-6D7F3F99A381}.Debug|x64.ActiveCfg = Debug|Any CPU
		{95E4F77B-A483-41A4-91BA-6D7F3F99A381}.Debug|x64.Build.0 = Debug|Any CPU
		{95E4F77B-A483-41A4-91BA-6D7F3F99A381}.Debug|x86.ActiveCfg = Debug|Any CPU
		{95E4F77B-A483-41A4-91BA-6D7F3F99A381}.Debug|x86.Build.0 = Debug|Any CPU
		{95E4F77B-A483-41A4-91BA-6D7F3F99A381}.Release|Any CPU.ActiveCfg = Release|Any CPU
		{95E4F77B-A483-41A4-91BA-6D7F3F99A381}.Release|Any CPU.Build.0 = Release|Any CPU
		{95E4F77B-A483-41A4-91BA-6D7F3F99A381}.Release|ARM.ActiveCfg = Release|Any CPU
		{95E4F77B-A483-41A4-91BA-6D7F3F99A381}.Release|ARM.Build.0 = Release|Any CPU
		{95E4F77B-A483-41A4-91BA-6D7F3F99A381}.Release|x64.ActiveCfg = Release|Any CPU
		{95E4F77B-A483-41A4-91BA-6D7F3F99A381}.Release|x64.Build.0 = Release|Any CPU
		{95E4F77B-A483-41A4-91BA-6D7F3F99A381}.Release|x86.ActiveCfg = Release|Any CPU
		{95E4F77B-A483-41A4-91BA-6D7F3F99A381}.Release|x86.Build.0 = Release|Any CPU
		{F201D92F-8AFA-406E-BC1B-E741D04B0C13}.Debug|Any CPU.ActiveCfg = Debug|Any CPU
		{F201D92F-8AFA-406E-BC1B-E741D04B0C13}.Debug|Any CPU.Build.0 = Debug|Any CPU
		{F201D92F-8AFA-406E-BC1B-E741D04B0C13}.Debug|ARM.ActiveCfg = Debug|Any CPU
		{F201D92F-8AFA-406E-BC1B-E741D04B0C13}.Debug|ARM.Build.0 = Debug|Any CPU
		{F201D92F-8AFA-406E-BC1B-E741D04B0C13}.Debug|x64.ActiveCfg = Debug|Any CPU
		{F201D92F-8AFA-406E-BC1B-E741D04B0C13}.Debug|x64.Build.0 = Debug|Any CPU
		{F201D92F-8AFA-406E-BC1B-E741D04B0C13}.Debug|x86.ActiveCfg = Debug|Any CPU
		{F201D92F-8AFA-406E-BC1B-E741D04B0C13}.Debug|x86.Build.0 = Debug|Any CPU
		{F201D92F-8AFA-406E-BC1B-E741D04B0C13}.Release|Any CPU.ActiveCfg = Release|Any CPU
		{F201D92F-8AFA-406E-BC1B-E741D04B0C13}.Release|Any CPU.Build.0 = Release|Any CPU
		{F201D92F-8AFA-406E-BC1B-E741D04B0C13}.Release|ARM.ActiveCfg = Release|Any CPU
		{F201D92F-8AFA-406E-BC1B-E741D04B0C13}.Release|ARM.Build.0 = Release|Any CPU
		{F201D92F-8AFA-406E-BC1B-E741D04B0C13}.Release|x64.ActiveCfg = Release|Any CPU
		{F201D92F-8AFA-406E-BC1B-E741D04B0C13}.Release|x64.Build.0 = Release|Any CPU
		{F201D92F-8AFA-406E-BC1B-E741D04B0C13}.Release|x86.ActiveCfg = Release|Any CPU
		{F201D92F-8AFA-406E-BC1B-E741D04B0C13}.Release|x86.Build.0 = Release|Any CPU
		{9ACD92B6-6866-4DB6-A1AC-9C296104DD03}.Debug|Any CPU.ActiveCfg = Debug|Any CPU
		{9ACD92B6-6866-4DB6-A1AC-9C296104DD03}.Debug|Any CPU.Build.0 = Debug|Any CPU
		{9ACD92B6-6866-4DB6-A1AC-9C296104DD03}.Debug|ARM.ActiveCfg = Debug|Any CPU
		{9ACD92B6-6866-4DB6-A1AC-9C296104DD03}.Debug|ARM.Build.0 = Debug|Any CPU
		{9ACD92B6-6866-4DB6-A1AC-9C296104DD03}.Debug|x64.ActiveCfg = Debug|Any CPU
		{9ACD92B6-6866-4DB6-A1AC-9C296104DD03}.Debug|x64.Build.0 = Debug|Any CPU
		{9ACD92B6-6866-4DB6-A1AC-9C296104DD03}.Debug|x86.ActiveCfg = Debug|Any CPU
		{9ACD92B6-6866-4DB6-A1AC-9C296104DD03}.Debug|x86.Build.0 = Debug|Any CPU
		{9ACD92B6-6866-4DB6-A1AC-9C296104DD03}.Release|Any CPU.ActiveCfg = Release|Any CPU
		{9ACD92B6-6866-4DB6-A1AC-9C296104DD03}.Release|Any CPU.Build.0 = Release|Any CPU
		{9ACD92B6-6866-4DB6-A1AC-9C296104DD03}.Release|ARM.ActiveCfg = Release|Any CPU
		{9ACD92B6-6866-4DB6-A1AC-9C296104DD03}.Release|ARM.Build.0 = Release|Any CPU
		{9ACD92B6-6866-4DB6-A1AC-9C296104DD03}.Release|x64.ActiveCfg = Release|Any CPU
		{9ACD92B6-6866-4DB6-A1AC-9C296104DD03}.Release|x64.Build.0 = Release|Any CPU
		{9ACD92B6-6866-4DB6-A1AC-9C296104DD03}.Release|x86.ActiveCfg = Release|Any CPU
		{9ACD92B6-6866-4DB6-A1AC-9C296104DD03}.Release|x86.Build.0 = Release|Any CPU
		{A7EAF32E-F97C-40BF-9011-3343C4C3A546}.Debug|Any CPU.ActiveCfg = Debug|Any CPU
		{A7EAF32E-F97C-40BF-9011-3343C4C3A546}.Debug|Any CPU.Build.0 = Debug|Any CPU
		{A7EAF32E-F97C-40BF-9011-3343C4C3A546}.Debug|ARM.ActiveCfg = Debug|Any CPU
		{A7EAF32E-F97C-40BF-9011-3343C4C3A546}.Debug|ARM.Build.0 = Debug|Any CPU
		{A7EAF32E-F97C-40BF-9011-3343C4C3A546}.Debug|x64.ActiveCfg = Debug|Any CPU
		{A7EAF32E-F97C-40BF-9011-3343C4C3A546}.Debug|x64.Build.0 = Debug|Any CPU
		{A7EAF32E-F97C-40BF-9011-3343C4C3A546}.Debug|x86.ActiveCfg = Debug|Any CPU
		{A7EAF32E-F97C-40BF-9011-3343C4C3A546}.Debug|x86.Build.0 = Debug|Any CPU
		{A7EAF32E-F97C-40BF-9011-3343C4C3A546}.Release|Any CPU.ActiveCfg = Release|Any CPU
		{A7EAF32E-F97C-40BF-9011-3343C4C3A546}.Release|Any CPU.Build.0 = Release|Any CPU
		{A7EAF32E-F97C-40BF-9011-3343C4C3A546}.Release|ARM.ActiveCfg = Release|Any CPU
		{A7EAF32E-F97C-40BF-9011-3343C4C3A546}.Release|ARM.Build.0 = Release|Any CPU
		{A7EAF32E-F97C-40BF-9011-3343C4C3A546}.Release|x64.ActiveCfg = Release|Any CPU
		{A7EAF32E-F97C-40BF-9011-3343C4C3A546}.Release|x64.Build.0 = Release|Any CPU
		{A7EAF32E-F97C-40BF-9011-3343C4C3A546}.Release|x86.ActiveCfg = Release|Any CPU
		{A7EAF32E-F97C-40BF-9011-3343C4C3A546}.Release|x86.Build.0 = Release|Any CPU
		{0B2F3116-14AC-40CC-ADF9-A4356A851996}.Debug|Any CPU.ActiveCfg = Debug|x86
		{0B2F3116-14AC-40CC-ADF9-A4356A851996}.Debug|Any CPU.Build.0 = Debug|x86
		{0B2F3116-14AC-40CC-ADF9-A4356A851996}.Debug|Any CPU.Deploy.0 = Debug|x86
		{0B2F3116-14AC-40CC-ADF9-A4356A851996}.Debug|ARM.ActiveCfg = Debug|ARM
		{0B2F3116-14AC-40CC-ADF9-A4356A851996}.Debug|ARM.Build.0 = Debug|ARM
		{0B2F3116-14AC-40CC-ADF9-A4356A851996}.Debug|ARM.Deploy.0 = Debug|ARM
		{0B2F3116-14AC-40CC-ADF9-A4356A851996}.Debug|x64.ActiveCfg = Debug|x64
		{0B2F3116-14AC-40CC-ADF9-A4356A851996}.Debug|x64.Build.0 = Debug|x64
		{0B2F3116-14AC-40CC-ADF9-A4356A851996}.Debug|x64.Deploy.0 = Debug|x64
		{0B2F3116-14AC-40CC-ADF9-A4356A851996}.Debug|x86.ActiveCfg = Debug|x86
		{0B2F3116-14AC-40CC-ADF9-A4356A851996}.Debug|x86.Build.0 = Debug|x86
		{0B2F3116-14AC-40CC-ADF9-A4356A851996}.Debug|x86.Deploy.0 = Debug|x86
		{0B2F3116-14AC-40CC-ADF9-A4356A851996}.Release|Any CPU.ActiveCfg = Release|x86
		{0B2F3116-14AC-40CC-ADF9-A4356A851996}.Release|ARM.ActiveCfg = Release|ARM
		{0B2F3116-14AC-40CC-ADF9-A4356A851996}.Release|ARM.Build.0 = Release|ARM
		{0B2F3116-14AC-40CC-ADF9-A4356A851996}.Release|ARM.Deploy.0 = Release|ARM
		{0B2F3116-14AC-40CC-ADF9-A4356A851996}.Release|x64.ActiveCfg = Release|x64
		{0B2F3116-14AC-40CC-ADF9-A4356A851996}.Release|x64.Build.0 = Release|x64
		{0B2F3116-14AC-40CC-ADF9-A4356A851996}.Release|x64.Deploy.0 = Release|x64
		{0B2F3116-14AC-40CC-ADF9-A4356A851996}.Release|x86.ActiveCfg = Release|x86
		{0B2F3116-14AC-40CC-ADF9-A4356A851996}.Release|x86.Build.0 = Release|x86
		{0B2F3116-14AC-40CC-ADF9-A4356A851996}.Release|x86.Deploy.0 = Release|x86
		{8E87BC84-2DB0-4F53-8F7D-B67191F47A29}.Debug|Any CPU.ActiveCfg = Debug|Any CPU
		{8E87BC84-2DB0-4F53-8F7D-B67191F47A29}.Debug|Any CPU.Build.0 = Debug|Any CPU
		{8E87BC84-2DB0-4F53-8F7D-B67191F47A29}.Debug|ARM.ActiveCfg = Debug|ARM
		{8E87BC84-2DB0-4F53-8F7D-B67191F47A29}.Debug|ARM.Build.0 = Debug|ARM
		{8E87BC84-2DB0-4F53-8F7D-B67191F47A29}.Debug|x64.ActiveCfg = Debug|x64
		{8E87BC84-2DB0-4F53-8F7D-B67191F47A29}.Debug|x64.Build.0 = Debug|x64
		{8E87BC84-2DB0-4F53-8F7D-B67191F47A29}.Debug|x86.ActiveCfg = Debug|x86
		{8E87BC84-2DB0-4F53-8F7D-B67191F47A29}.Debug|x86.Build.0 = Debug|x86
		{8E87BC84-2DB0-4F53-8F7D-B67191F47A29}.Release|Any CPU.ActiveCfg = Release|Any CPU
		{8E87BC84-2DB0-4F53-8F7D-B67191F47A29}.Release|Any CPU.Build.0 = Release|Any CPU
		{8E87BC84-2DB0-4F53-8F7D-B67191F47A29}.Release|ARM.ActiveCfg = Release|ARM
		{8E87BC84-2DB0-4F53-8F7D-B67191F47A29}.Release|ARM.Build.0 = Release|ARM
		{8E87BC84-2DB0-4F53-8F7D-B67191F47A29}.Release|x64.ActiveCfg = Release|x64
		{8E87BC84-2DB0-4F53-8F7D-B67191F47A29}.Release|x64.Build.0 = Release|x64
		{8E87BC84-2DB0-4F53-8F7D-B67191F47A29}.Release|x86.ActiveCfg = Release|x86
		{8E87BC84-2DB0-4F53-8F7D-B67191F47A29}.Release|x86.Build.0 = Release|x86
		{921B7038-F722-49C3-9360-D75B87B75A6E}.Debug|Any CPU.ActiveCfg = Debug|Any CPU
		{921B7038-F722-49C3-9360-D75B87B75A6E}.Debug|Any CPU.Build.0 = Debug|Any CPU
		{921B7038-F722-49C3-9360-D75B87B75A6E}.Debug|ARM.ActiveCfg = Debug|ARM
		{921B7038-F722-49C3-9360-D75B87B75A6E}.Debug|ARM.Build.0 = Debug|ARM
		{921B7038-F722-49C3-9360-D75B87B75A6E}.Debug|x64.ActiveCfg = Debug|x64
		{921B7038-F722-49C3-9360-D75B87B75A6E}.Debug|x64.Build.0 = Debug|x64
		{921B7038-F722-49C3-9360-D75B87B75A6E}.Debug|x86.ActiveCfg = Debug|x86
		{921B7038-F722-49C3-9360-D75B87B75A6E}.Debug|x86.Build.0 = Debug|x86
		{921B7038-F722-49C3-9360-D75B87B75A6E}.Release|Any CPU.ActiveCfg = Release|Any CPU
		{921B7038-F722-49C3-9360-D75B87B75A6E}.Release|Any CPU.Build.0 = Release|Any CPU
		{921B7038-F722-49C3-9360-D75B87B75A6E}.Release|ARM.ActiveCfg = Release|ARM
		{921B7038-F722-49C3-9360-D75B87B75A6E}.Release|ARM.Build.0 = Release|ARM
		{921B7038-F722-49C3-9360-D75B87B75A6E}.Release|x64.ActiveCfg = Release|x64
		{921B7038-F722-49C3-9360-D75B87B75A6E}.Release|x64.Build.0 = Release|x64
		{921B7038-F722-49C3-9360-D75B87B75A6E}.Release|x86.ActiveCfg = Release|x86
		{921B7038-F722-49C3-9360-D75B87B75A6E}.Release|x86.Build.0 = Release|x86
		{C7519A25-986B-4C69-B99D-5CC44F29277F}.Debug|Any CPU.ActiveCfg = Debug|Any CPU
		{C7519A25-986B-4C69-B99D-5CC44F29277F}.Debug|Any CPU.Build.0 = Debug|Any CPU
		{C7519A25-986B-4C69-B99D-5CC44F29277F}.Debug|ARM.ActiveCfg = Debug|ARM
		{C7519A25-986B-4C69-B99D-5CC44F29277F}.Debug|ARM.Build.0 = Debug|ARM
		{C7519A25-986B-4C69-B99D-5CC44F29277F}.Debug|x64.ActiveCfg = Debug|x64
		{C7519A25-986B-4C69-B99D-5CC44F29277F}.Debug|x64.Build.0 = Debug|x64
		{C7519A25-986B-4C69-B99D-5CC44F29277F}.Debug|x86.ActiveCfg = Debug|x86
		{C7519A25-986B-4C69-B99D-5CC44F29277F}.Debug|x86.Build.0 = Debug|x86
		{C7519A25-986B-4C69-B99D-5CC44F29277F}.Release|Any CPU.ActiveCfg = Release|Any CPU
		{C7519A25-986B-4C69-B99D-5CC44F29277F}.Release|Any CPU.Build.0 = Release|Any CPU
		{C7519A25-986B-4C69-B99D-5CC44F29277F}.Release|ARM.ActiveCfg = Release|ARM
		{C7519A25-986B-4C69-B99D-5CC44F29277F}.Release|ARM.Build.0 = Release|ARM
		{C7519A25-986B-4C69-B99D-5CC44F29277F}.Release|x64.ActiveCfg = Release|x64
		{C7519A25-986B-4C69-B99D-5CC44F29277F}.Release|x64.Build.0 = Release|x64
		{C7519A25-986B-4C69-B99D-5CC44F29277F}.Release|x86.ActiveCfg = Release|x86
		{C7519A25-986B-4C69-B99D-5CC44F29277F}.Release|x86.Build.0 = Release|x86
		{6E09936A-B78A-4A29-AA1D-3151019A3E29}.Debug|Any CPU.ActiveCfg = Debug|Any CPU
		{6E09936A-B78A-4A29-AA1D-3151019A3E29}.Debug|Any CPU.Build.0 = Debug|Any CPU
		{6E09936A-B78A-4A29-AA1D-3151019A3E29}.Debug|ARM.ActiveCfg = Debug|ARM
		{6E09936A-B78A-4A29-AA1D-3151019A3E29}.Debug|ARM.Build.0 = Debug|ARM
		{6E09936A-B78A-4A29-AA1D-3151019A3E29}.Debug|x64.ActiveCfg = Debug|x64
		{6E09936A-B78A-4A29-AA1D-3151019A3E29}.Debug|x64.Build.0 = Debug|x64
		{6E09936A-B78A-4A29-AA1D-3151019A3E29}.Debug|x86.ActiveCfg = Debug|x86
		{6E09936A-B78A-4A29-AA1D-3151019A3E29}.Debug|x86.Build.0 = Debug|x86
		{6E09936A-B78A-4A29-AA1D-3151019A3E29}.Release|Any CPU.ActiveCfg = Release|Any CPU
		{6E09936A-B78A-4A29-AA1D-3151019A3E29}.Release|Any CPU.Build.0 = Release|Any CPU
		{6E09936A-B78A-4A29-AA1D-3151019A3E29}.Release|ARM.ActiveCfg = Release|ARM
		{6E09936A-B78A-4A29-AA1D-3151019A3E29}.Release|ARM.Build.0 = Release|ARM
		{6E09936A-B78A-4A29-AA1D-3151019A3E29}.Release|x64.ActiveCfg = Release|x64
		{6E09936A-B78A-4A29-AA1D-3151019A3E29}.Release|x64.Build.0 = Release|x64
		{6E09936A-B78A-4A29-AA1D-3151019A3E29}.Release|x86.ActiveCfg = Release|x86
		{6E09936A-B78A-4A29-AA1D-3151019A3E29}.Release|x86.Build.0 = Release|x86
		{0C23FB90-24D1-4416-826E-92D7D0497AB1}.Debug|Any CPU.ActiveCfg = Debug|Any CPU
		{0C23FB90-24D1-4416-826E-92D7D0497AB1}.Debug|Any CPU.Build.0 = Debug|Any CPU
		{0C23FB90-24D1-4416-826E-92D7D0497AB1}.Debug|ARM.ActiveCfg = Debug|ARM
		{0C23FB90-24D1-4416-826E-92D7D0497AB1}.Debug|ARM.Build.0 = Debug|ARM
		{0C23FB90-24D1-4416-826E-92D7D0497AB1}.Debug|x64.ActiveCfg = Debug|x64
		{0C23FB90-24D1-4416-826E-92D7D0497AB1}.Debug|x64.Build.0 = Debug|x64
		{0C23FB90-24D1-4416-826E-92D7D0497AB1}.Debug|x86.ActiveCfg = Debug|x86
		{0C23FB90-24D1-4416-826E-92D7D0497AB1}.Debug|x86.Build.0 = Debug|x86
		{0C23FB90-24D1-4416-826E-92D7D0497AB1}.Release|Any CPU.ActiveCfg = Release|Any CPU
		{0C23FB90-24D1-4416-826E-92D7D0497AB1}.Release|Any CPU.Build.0 = Release|Any CPU
		{0C23FB90-24D1-4416-826E-92D7D0497AB1}.Release|ARM.ActiveCfg = Release|ARM
		{0C23FB90-24D1-4416-826E-92D7D0497AB1}.Release|ARM.Build.0 = Release|ARM
		{0C23FB90-24D1-4416-826E-92D7D0497AB1}.Release|x64.ActiveCfg = Release|x64
		{0C23FB90-24D1-4416-826E-92D7D0497AB1}.Release|x64.Build.0 = Release|x64
		{0C23FB90-24D1-4416-826E-92D7D0497AB1}.Release|x86.ActiveCfg = Release|x86
		{0C23FB90-24D1-4416-826E-92D7D0497AB1}.Release|x86.Build.0 = Release|x86
	EndGlobalSection
	GlobalSection(SolutionProperties) = preSolution
		HideSolutionNode = FALSE
	EndGlobalSection
	GlobalSection(NestedProjects) = preSolution
		{8DA47E79-C3BD-4719-9047-1C88BDAA4D03} = {5B3F3B33-BA6C-4283-83BC-0B61DCC0DEF8}
		{C9FB6263-3507-49C5-BEFC-AB0CC3102280} = {5B3F3B33-BA6C-4283-83BC-0B61DCC0DEF8}
		{02E9C1FD-39CC-4966-9EF1-3A2329007DBC} = {33882DD2-0470-4B14-A5C3-1CE2D376F35F}
		{E77E022B-8148-4191-82E5-43F4043E161E} = {33882DD2-0470-4B14-A5C3-1CE2D376F35F}
		{95E4F77B-A483-41A4-91BA-6D7F3F99A381} = {5635144B-079C-4AF4-A0AE-C1BD34D93233}
		{F201D92F-8AFA-406E-BC1B-E741D04B0C13} = {5635144B-079C-4AF4-A0AE-C1BD34D93233}
		{9ACD92B6-6866-4DB6-A1AC-9C296104DD03} = {5635144B-079C-4AF4-A0AE-C1BD34D93233}
		{A7EAF32E-F97C-40BF-9011-3343C4C3A546} = {5635144B-079C-4AF4-A0AE-C1BD34D93233}
		{0B2F3116-14AC-40CC-ADF9-A4356A851996} = {3F417027-0774-4FA2-9DE8-FEE5079ADBDF}
		{8E87BC84-2DB0-4F53-8F7D-B67191F47A29} = {3F417027-0774-4FA2-9DE8-FEE5079ADBDF}
		{921B7038-F722-49C3-9360-D75B87B75A6E} = {5B3F3B33-BA6C-4283-83BC-0B61DCC0DEF8}
		{C7519A25-986B-4C69-B99D-5CC44F29277F} = {5B3F3B33-BA6C-4283-83BC-0B61DCC0DEF8}
		{6E09936A-B78A-4A29-AA1D-3151019A3E29} = {33882DD2-0470-4B14-A5C3-1CE2D376F35F}
		{0C23FB90-24D1-4416-826E-92D7D0497AB1} = {33882DD2-0470-4B14-A5C3-1CE2D376F35F}
	EndGlobalSection
EndGlobal
